{
  "name": "domaine",
  "version": "1.0.0",
  "lockfileVersion": 2,
  "requires": true,
  "packages": {
    "": {
      "name": "domaine",
      "version": "1.0.0",
      "license": "ISC",
      "dependencies": {
        "tld-enum": "^2.0.6",
        "unidecode": "^0.1.8"
      }
    },
    "node_modules/tld-enum": {
      "version": "2.0.6",
      "resolved": "https://registry.npmjs.org/tld-enum/-/tld-enum-2.0.6.tgz",
      "integrity": "sha512-jbbWi5zFzhN516ezGwQi8G0MvXx0SQU2tht9Nm/wWZ2YdZoSl+ZsbSpfDIgoAQ8PecypvqOphhbv14VbW40ozA=="
    },
    "node_modules/unidecode": {
      "version": "0.1.8",
      "resolved": "https://registry.npmjs.org/unidecode/-/unidecode-0.1.8.tgz",
      "integrity": "sha512-SdoZNxCWpN2tXTCrGkPF/0rL2HEq+i2gwRG1ReBvx8/0yTzC3enHfugOf8A9JBShVwwrRIkLX0YcDUGbzjbVCA==",
      "engines": {
        "node": ">= 0.4.12"
      }
    }
  },
  "dependencies": {
    "tld-enum": {
      "version": "2.0.6",
      "resolved": "https://registry.npmjs.org/tld-enum/-/tld-enum-2.0.6.tgz",
      "integrity": "sha512-jbbWi5zFzhN516ezGwQi8G0MvXx0SQU2tht9Nm/wWZ2YdZoSl+ZsbSpfDIgoAQ8PecypvqOphhbv14VbW40ozA=="
    },
    "unidecode": {
      "version": "0.1.8",
      "resolved": "https://registry.npmjs.org/unidecode/-/unidecode-0.1.8.tgz",
      "integrity": "sha512-SdoZNxCWpN2tXTCrGkPF/0rL2HEq+i2gwRG1ReBvx8/0yTzC3enHfugOf8A9JBShVwwrRIkLX0YcDUGbzjbVCA=="
    }
  }
}
